
Microsoft Visual Studio Solution File, Format Version 12.00
# Visual Studio Version 16
VisualStudioVersion = 16.0.31613.86
MinimumVisualStudioVersion = 10.0.40219.1
Project("{9A19103F-16F7-4668-BE54-9A1E7A4F7556}") = "ObligatorioP2", "ObligatorioP2\ObligatorioP2.csproj", "{3B8F2F35-660D-433A-B238-9B809A7E0833}"
EndProject
Project("{FAE04EC0-301F-11D3-BF4B-00C04F79EFBC}") = "AppWeb", "AppWeb\AppWeb.csproj", "{1C190F9E-3A99-4C03-90E4-AA169B1C80B9}"
EndProject
Global
	GlobalSection(SolutionConfigurationPlatforms) = preSolution
		Debug|Any CPU = Debug|Any CPU
		Release|Any CPU = Release|Any CPU
	EndGlobalSection
	GlobalSection(ProjectConfigurationPlatforms) = postSolution
		{3B8F2F35-660D-433A-B238-9B809A7E0833}.Debug|Any CPU.ActiveCfg = Debug|Any CPU
		{3B8F2F35-660D-433A-B238-9B809A7E0833}.Debug|Any CPU.Build.0 = Debug|Any CPU
		{3B8F2F35-660D-433A-B238-9B809A7E0833}.Release|Any CPU.ActiveCfg = Release|Any CPU
		{3B8F2F35-660D-433A-B238-9B809A7E0833}.Release|Any CPU.Build.0 = Release|Any CPU
		{1C190F9E-3A99-4C03-90E4-AA169B1C80B9}.Debug|Any CPU.ActiveCfg = Debug|Any CPU
		{1C190F9E-3A99-4C03-90E4-AA169B1C80B9}.Debug|Any CPU.Build.0 = Debug|Any CPU
		{1C190F9E-3A99-4C03-90E4-AA169B1C80B9}.Release|Any CPU.ActiveCfg = Release|Any CPU
		{1C190F9E-3A99-4C03-90E4-AA169B1C80B9}.Release|Any CPU.Build.0 = Release|Any CPU
	EndGlobalSection
	GlobalSection(SolutionProperties) = preSolution
		HideSolutionNode = FALSE
	EndGlobalSection
	GlobalSection(ExtensibilityGlobals) = postSolution
		SolutionGuid = {2F0D4127-0C30-4B4D-B0D9-18E452596A2F}
	EndGlobalSection
EndGlobal
